# @generated - this file is auto-generated by `mise lock` https://mise.jdx.dev/dev-tools/mise-lock.html

lockfile_version = 1

[[tools.node]]
version = "22.23.2"
backend = "core:node"
specifiers = ["22.23.2"]

[[tools.python]]
version = "3.13.13"
backend = "core:python"
specifiers = ["3.13.13"]

[[tools.uv]]
version = "0.12.9"
backend = "aqua:astral-sh/uv"
specifiers = ["0.12.9"]
